
Microsoft Visual Studio Solution File, Format Version 12.00
# Visual Studio Version 17
VisualStudioVersion = 17.1.32421.90
MinimumVisualStudioVersion = 10.0.40219.1
Project("{9A19103F-16F7-4668-BE54-9A1E7A4F7556}") = "MEUPRIMEIROCODIGO", "MEUPRIMEIROCODIGO\MEUPRIMEIROCODIGO.csproj", "{8C3AFAE7-FDCB-4899-8340-CD43E4C08627}"
EndProject
Project("{9A19103F-16F7-4668-BE54-9A1E7A4F7556}") = "MinhasInformacoes", "MinhasInformacoes\MinhasInformacoes.csproj", "{2BA3D439-04E2-46CD-97CE-67293C5B02FE}"
EndProject
Project("{9A19103F-16F7-4668-BE54-9A1E7A4F7556}") = "Calculadora", "Calculadora\Calculadora.csproj", "{7CCDCC46-B797-4E31-8138-27805C2C14EB}"
EndProject
Project("{9A19103F-16F7-4668-BE54-9A1E7A4F7556}") = "Constante", "Constante\Constante.csproj", "{CE67B6DB-F68C-4FD0-8A1F-E7D798133ED3}"
EndProject
Project("{9A19103F-16F7-4668-BE54-9A1E7A4F7556}") = "atividade2", "atividade2\atividade2.csproj", "{9111C591-67F9-4720-AC5A-5A5C677D46A6}"
EndProject
Project("{9A19103F-16F7-4668-BE54-9A1E7A4F7556}") = "1000", "Atividade1000\1000.csproj", "{04F57241-11D3-4401-BF3F-43D034AEC549}"
EndProject
Project("{9A19103F-16F7-4668-BE54-9A1E7A4F7556}") = "Exercico1002", "Exercico1002\Exercico1002.csproj", "{DA073B75-28D5-4EA4-BD32-C8E86D804B42}"
EndProject
Project("{9A19103F-16F7-4668-BE54-9A1E7A4F7556}") = "1003", "1003\1003.csproj", "{9BADA173-CD55-42BB-B498-D205B003D123}"
EndProject
Project("{9A19103F-16F7-4668-BE54-9A1E7A4F7556}") = "1004", "1004\1004.csproj", "{5E3E31D4-8F68-4F3E-B416-6909DDF90187}"
EndProject
Project("{9A19103F-16F7-4668-BE54-9A1E7A4F7556}") = "1005", "1005\1005.csproj", "{0EFDFB9C-DB4D-4AC6-8F99-7039E7681AB4}"
EndProject
Project("{9A19103F-16F7-4668-BE54-9A1E7A4F7556}") = "1037", "1037\1037.csproj", "{0E734DD5-C866-4CF6-B4FC-429395E73873}"
EndProject
Project("{9A19103F-16F7-4668-BE54-9A1E7A4F7556}") = "exemplo(for)", "exemplo(for)\exemplo(for).csproj", "{1C0869B6-A16A-4473-BFBA-EC1ECB062BDC}"
EndProject
Project("{9A19103F-16F7-4668-BE54-9A1E7A4F7556}") = "1059", "1059\1059.csproj", "{EEB0B2DA-B4F8-48FB-8A3D-BF81F5140016}"
EndProject
Project("{9A19103F-16F7-4668-BE54-9A1E7A4F7556}") = "1060", "1060\1060.csproj", "{BAA44EF7-BC40-4E7D-B831-88F6AEEAE3CD}"
EndProject
Project("{9A19103F-16F7-4668-BE54-9A1E7A4F7556}") = "1064", "1064\1064.csproj", "{5A890EC7-8B19-4CD5-A3AA-97AA52357B96}"
EndProject
Project("{9A19103F-16F7-4668-BE54-9A1E7A4F7556}") = "1066", "1066\1066.csproj", "{13C9785B-5F76-4398-AC4F-2DEF996A0777}"
EndProject
Project("{9A19103F-16F7-4668-BE54-9A1E7A4F7556}") = "funcoes", "funcoes\funcoes.csproj", "{71DAAA8B-3EE7-486E-9F50-CD48EABBE51D}"
EndProject
Project("{9A19103F-16F7-4668-BE54-9A1E7A4F7556}") = "1048", "1048\1048.csproj", "{95FB5D36-8087-47B2-BBE2-9BFA505825D4}"
EndProject
Project("{9A19103F-16F7-4668-BE54-9A1E7A4F7556}") = "vetores", "vetores\vetores.csproj", "{E635E7D5-CB90-41AC-8265-F543315F60B6}"
EndProject
Project("{9A19103F-16F7-4668-BE54-9A1E7A4F7556}") = "jogo da velhice", "matriz\jogo da velhice.csproj", "{B4944878-BED9-43D8-837E-97C4A498D862}"
EndProject
Project("{9A19103F-16F7-4668-BE54-9A1E7A4F7556}") = "1049", "1049\1049.csproj", "{523D2CE1-CAAB-427C-A637-C249E6770309}"
EndProject
Project("{9A19103F-16F7-4668-BE54-9A1E7A4F7556}") = "1050", "1050\1050.csproj", "{B6CFEF8C-B6AF-41AA-BD0C-D9EE08A3DCA9}"
EndProject
Project("{9A19103F-16F7-4668-BE54-9A1E7A4F7556}") = "1067", "1067\1067.csproj", "{F0B0AB5D-5F4D-42D8-A2D3-7998E53BFFE5}"
EndProject
Project("{9A19103F-16F7-4668-BE54-9A1E7A4F7556}") = "1070", "1070\1070.csproj", "{EE014982-FC30-4037-8A0F-08B476ED47DE}"
EndProject
Project("{FAE04EC0-301F-11D3-BF4B-00C04F79EFBC}") = "1072", "1072\1072.csproj", "{41A3DA51-BB38-4271-AA8F-A3A4B1FC6FC2}"
EndProject
Project("{FAE04EC0-301F-11D3-BF4B-00C04F79EFBC}") = "1073", "1073\1073.csproj", "{F4E71674-3974-4001-B08E-F81492EC3600}"
EndProject
Project("{FAE04EC0-301F-11D3-BF4B-00C04F79EFBC}") = "1142", "1142\1142.csproj", "{B407F1BC-E611-4348-BF4E-AD6B2968CFD9}"
EndProject
Global
	GlobalSection(SolutionConfigurationPlatforms) = preSolution
		Debug|Any CPU = Debug|Any CPU
		Release|Any CPU = Release|Any CPU
	EndGlobalSection
	GlobalSection(ProjectConfigurationPlatforms) = postSolution
		{8C3AFAE7-FDCB-4899-8340-CD43E4C08627}.Debug|Any CPU.ActiveCfg = Debug|Any CPU
		{8C3AFAE7-FDCB-4899-8340-CD43E4C08627}.Debug|Any CPU.Build.0 = Debug|Any CPU
		{8C3AFAE7-FDCB-4899-8340-CD43E4C08627}.Release|Any CPU.ActiveCfg = Release|Any CPU
		{8C3AFAE7-FDCB-4899-8340-CD43E4C08627}.Release|Any CPU.Build.0 = Release|Any CPU
		{2BA3D439-04E2-46CD-97CE-67293C5B02FE}.Debug|Any CPU.ActiveCfg = Debug|Any CPU
		{2BA3D439-04E2-46CD-97CE-67293C5B02FE}.Debug|Any CPU.Build.0 = Debug|Any CPU
		{2BA3D439-04E2-46CD-97CE-67293C5B02FE}.Release|Any CPU.ActiveCfg = Release|Any CPU
		{2BA3D439-04E2-46CD-97CE-67293C5B02FE}.Release|Any CPU.Build.0 = Release|Any CPU
		{7CCDCC46-B797-4E31-8138-27805C2C14EB}.Debug|Any CPU.ActiveCfg = Debug|Any CPU
		{7CCDCC46-B797-4E31-8138-27805C2C14EB}.Debug|Any CPU.Build.0 = Debug|Any CPU
		{7CCDCC46-B797-4E31-8138-27805C2C14EB}.Release|Any CPU.ActiveCfg = Release|Any CPU
		{7CCDCC46-B797-4E31-8138-27805C2C14EB}.Release|Any CPU.Build.0 = Release|Any CPU
		{CE67B6DB-F68C-4FD0-8A1F-E7D798133ED3}.Debug|Any CPU.ActiveCfg = Debug|Any CPU
		{CE67B6DB-F68C-4FD0-8A1F-E7D798133ED3}.Debug|Any CPU.Build.0 = Debug|Any CPU
		{CE67B6DB-F68C-4FD0-8A1F-E7D798133ED3}.Release|Any CPU.ActiveCfg = Release|Any CPU
		{CE67B6DB-F68C-4FD0-8A1F-E7D798133ED3}.Release|Any CPU.Build.0 = Release|Any CPU
		{9111C591-67F9-4720-AC5A-5A5C677D46A6}.Debug|Any CPU.ActiveCfg = Debug|Any CPU
		{9111C591-67F9-4720-AC5A-5A5C677D46A6}.Debug|Any CPU.Build.0 = Debug|Any CPU
		{9111C591-67F9-4720-AC5A-5A5C677D46A6}.Release|Any CPU.ActiveCfg = Release|Any CPU
		{9111C591-67F9-4720-AC5A-5A5C677D46A6}.Release|Any CPU.Build.0 = Release|Any CPU
		{04F57241-11D3-4401-BF3F-43D034AEC549}.Debug|Any CPU.ActiveCfg = Debug|Any CPU
		{04F57241-11D3-4401-BF3F-43D034AEC549}.Debug|Any CPU.Build.0 = Debug|Any CPU
		{04F57241-11D3-4401-BF3F-43D034AEC549}.Release|Any CPU.ActiveCfg = Release|Any CPU
		{04F57241-11D3-4401-BF3F-43D034AEC549}.Release|Any CPU.Build.0 = Release|Any CPU
		{DA073B75-28D5-4EA4-BD32-C8E86D804B42}.Debug|Any CPU.ActiveCfg = Debug|Any CPU
		{DA073B75-28D5-4EA4-BD32-C8E86D804B42}.Debug|Any CPU.Build.0 = Debug|Any CPU
		{DA073B75-28D5-4EA4-BD32-C8E86D804B42}.Release|Any CPU.ActiveCfg = Release|Any CPU
		{DA073B75-28D5-4EA4-BD32-C8E86D804B42}.Release|Any CPU.Build.0 = Release|Any CPU
		{9BADA173-CD55-42BB-B498-D205B003D123}.Debug|Any CPU.ActiveCfg = Debug|Any CPU
		{9BADA173-CD55-42BB-B498-D205B003D123}.Debug|Any CPU.Build.0 = Debug|Any CPU
		{9BADA173-CD55-42BB-B498-D205B003D123}.Release|Any CPU.ActiveCfg = Release|Any CPU
		{9BADA173-CD55-42BB-B498-D205B003D123}.Release|Any CPU.Build.0 = Release|Any CPU
		{5E3E31D4-8F68-4F3E-B416-6909DDF90187}.Debug|Any CPU.ActiveCfg = Debug|Any CPU
		{5E3E31D4-8F68-4F3E-B416-6909DDF90187}.Debug|Any CPU.Build.0 = Debug|Any CPU
		{5E3E31D4-8F68-4F3E-B416-6909DDF90187}.Release|Any CPU.ActiveCfg = Release|Any CPU
		{5E3E31D4-8F68-4F3E-B416-6909DDF90187}.Release|Any CPU.Build.0 = Release|Any CPU
		{0EFDFB9C-DB4D-4AC6-8F99-7039E7681AB4}.Debug|Any CPU.ActiveCfg = Debug|Any CPU
		{0EFDFB9C-DB4D-4AC6-8F99-7039E7681AB4}.Debug|Any CPU.Build.0 = Debug|Any CPU
		{0EFDFB9C-DB4D-4AC6-8F99-7039E7681AB4}.Release|Any CPU.ActiveCfg = Release|Any CPU
		{0EFDFB9C-DB4D-4AC6-8F99-7039E7681AB4}.Release|Any CPU.Build.0 = Release|Any CPU
		{0E734DD5-C866-4CF6-B4FC-429395E73873}.Debug|Any CPU.ActiveCfg = Debug|Any CPU
		{0E734DD5-C866-4CF6-B4FC-429395E73873}.Debug|Any CPU.Build.0 = Debug|Any CPU
		{0E734DD5-C866-4CF6-B4FC-429395E73873}.Release|Any CPU.ActiveCfg = Release|Any CPU
		{0E734DD5-C866-4CF6-B4FC-429395E73873}.Release|Any CPU.Build.0 = Release|Any CPU
		{1C0869B6-A16A-4473-BFBA-EC1ECB062BDC}.Debug|Any CPU.ActiveCfg = Debug|Any CPU
		{1C0869B6-A16A-4473-BFBA-EC1ECB062BDC}.Debug|Any CPU.Build.0 = Debug|Any CPU
		{1C0869B6-A16A-4473-BFBA-EC1ECB062BDC}.Release|Any CPU.ActiveCfg = Release|Any CPU
		{1C0869B6-A16A-4473-BFBA-EC1ECB062BDC}.Release|Any CPU.Build.0 = Release|Any CPU
		{EEB0B2DA-B4F8-48FB-8A3D-BF81F5140016}.Debug|Any CPU.ActiveCfg = Debug|Any CPU
		{EEB0B2DA-B4F8-48FB-8A3D-BF81F5140016}.Debug|Any CPU.Build.0 = Debug|Any CPU
		{EEB0B2DA-B4F8-48FB-8A3D-BF81F5140016}.Release|Any CPU.ActiveCfg = Release|Any CPU
		{EEB0B2DA-B4F8-48FB-8A3D-BF81F5140016}.Release|Any CPU.Build.0 = Release|Any CPU
		{BAA44EF7-BC40-4E7D-B831-88F6AEEAE3CD}.Debug|Any CPU.ActiveCfg = Debug|Any CPU
		{BAA44EF7-BC40-4E7D-B831-88F6AEEAE3CD}.Debug|Any CPU.Build.0 = Debug|Any CPU
		{BAA44EF7-BC40-4E7D-B831-88F6AEEAE3CD}.Release|Any CPU.ActiveCfg = Release|Any CPU
		{BAA44EF7-BC40-4E7D-B831-88F6AEEAE3CD}.Release|Any CPU.Build.0 = Release|Any CPU
		{5A890EC7-8B19-4CD5-A3AA-97AA52357B96}.Debug|Any CPU.ActiveCfg = Debug|Any CPU
		{5A890EC7-8B19-4CD5-A3AA-97AA52357B96}.Debug|Any CPU.Build.0 = Debug|Any CPU
		{5A890EC7-8B19-4CD5-A3AA-97AA52357B96}.Release|Any CPU.ActiveCfg = Release|Any CPU
		{5A890EC7-8B19-4CD5-A3AA-97AA52357B96}.Release|Any CPU.Build.0 = Release|Any CPU
		{13C9785B-5F76-4398-AC4F-2DEF996A0777}.Debug|Any CPU.ActiveCfg = Debug|Any CPU
		{13C9785B-5F76-4398-AC4F-2DEF996A0777}.Debug|Any CPU.Build.0 = Debug|Any CPU
		{13C9785B-5F76-4398-AC4F-2DEF996A0777}.Release|Any CPU.ActiveCfg = Release|Any CPU
		{13C9785B-5F76-4398-AC4F-2DEF996A0777}.Release|Any CPU.Build.0 = Release|Any CPU
		{71DAAA8B-3EE7-486E-9F50-CD48EABBE51D}.Debug|Any CPU.ActiveCfg = Debug|Any CPU
		{71DAAA8B-3EE7-486E-9F50-CD48EABBE51D}.Debug|Any CPU.Build.0 = Debug|Any CPU
		{71DAAA8B-3EE7-486E-9F50-CD48EABBE51D}.Release|Any CPU.ActiveCfg = Release|Any CPU
		{71DAAA8B-3EE7-486E-9F50-CD48EABBE51D}.Release|Any CPU.Build.0 = Release|Any CPU
		{95FB5D36-8087-47B2-BBE2-9BFA505825D4}.Debug|Any CPU.ActiveCfg = Debug|Any CPU
		{95FB5D36-8087-47B2-BBE2-9BFA505825D4}.Debug|Any CPU.Build.0 = Debug|Any CPU
		{95FB5D36-8087-47B2-BBE2-9BFA505825D4}.Release|Any CPU.ActiveCfg = Release|Any CPU
		{95FB5D36-8087-47B2-BBE2-9BFA505825D4}.Release|Any CPU.Build.0 = Release|Any CPU
		{E635E7D5-CB90-41AC-8265-F543315F60B6}.Debug|Any CPU.ActiveCfg = Debug|Any CPU
		{E635E7D5-CB90-41AC-8265-F543315F60B6}.Debug|Any CPU.Build.0 = Debug|Any CPU
		{E635E7D5-CB90-41AC-8265-F543315F60B6}.Release|Any CPU.ActiveCfg = Release|Any CPU
		{E635E7D5-CB90-41AC-8265-F543315F60B6}.Release|Any CPU.Build.0 = Release|Any CPU
		{B4944878-BED9-43D8-837E-97C4A498D862}.Debug|Any CPU.ActiveCfg = Debug|Any CPU
		{B4944878-BED9-43D8-837E-97C4A498D862}.Debug|Any CPU.Build.0 = Debug|Any CPU
		{B4944878-BED9-43D8-837E-97C4A498D862}.Release|Any CPU.ActiveCfg = Release|Any CPU
		{B4944878-BED9-43D8-837E-97C4A498D862}.Release|Any CPU.Build.0 = Release|Any CPU
		{523D2CE1-CAAB-427C-A637-C249E6770309}.Debug|Any CPU.ActiveCfg = Debug|Any CPU
		{523D2CE1-CAAB-427C-A637-C249E6770309}.Debug|Any CPU.Build.0 = Debug|Any CPU
		{523D2CE1-CAAB-427C-A637-C249E6770309}.Release|Any CPU.ActiveCfg = Release|Any CPU
		{523D2CE1-CAAB-427C-A637-C249E6770309}.Release|Any CPU.Build.0 = Release|Any CPU
		{B6CFEF8C-B6AF-41AA-BD0C-D9EE08A3DCA9}.Debug|Any CPU.ActiveCfg = Debug|Any CPU
		{B6CFEF8C-B6AF-41AA-BD0C-D9EE08A3DCA9}.Debug|Any CPU.Build.0 = Debug|Any CPU
		{B6CFEF8C-B6AF-41AA-BD0C-D9EE08A3DCA9}.Release|Any CPU.ActiveCfg = Release|Any CPU
		{B6CFEF8C-B6AF-41AA-BD0C-D9EE08A3DCA9}.Release|Any CPU.Build.0 = Release|Any CPU
		{F0B0AB5D-5F4D-42D8-A2D3-7998E53BFFE5}.Debug|Any CPU.ActiveCfg = Debug|Any CPU
		{F0B0AB5D-5F4D-42D8-A2D3-7998E53BFFE5}.Debug|Any CPU.Build.0 = Debug|Any CPU
		{F0B0AB5D-5F4D-42D8-A2D3-7998E53BFFE5}.Release|Any CPU.ActiveCfg = Release|Any CPU
		{F0B0AB5D-5F4D-42D8-A2D3-7998E53BFFE5}.Release|Any CPU.Build.0 = Release|Any CPU
		{EE014982-FC30-4037-8A0F-08B476ED47DE}.Debug|Any CPU.ActiveCfg = Debug|Any CPU
		{EE014982-FC30-4037-8A0F-08B476ED47DE}.Debug|Any CPU.Build.0 = Debug|Any CPU
		{EE014982-FC30-4037-8A0F-08B476ED47DE}.Release|Any CPU.ActiveCfg = Release|Any CPU
		{EE014982-FC30-4037-8A0F-08B476ED47DE}.Release|Any CPU.Build.0 = Release|Any CPU
		{41A3DA51-BB38-4271-AA8F-A3A4B1FC6FC2}.Debug|Any CPU.ActiveCfg = Debug|Any CPU
		{41A3DA51-BB38-4271-AA8F-A3A4B1FC6FC2}.Debug|Any CPU.Build.0 = Debug|Any CPU
		{41A3DA51-BB38-4271-AA8F-A3A4B1FC6FC2}.Release|Any CPU.ActiveCfg = Release|Any CPU
		{41A3DA51-BB38-4271-AA8F-A3A4B1FC6FC2}.Release|Any CPU.Build.0 = Release|Any CPU
		{F4E71674-3974-4001-B08E-F81492EC3600}.Debug|Any CPU.ActiveCfg = Debug|Any CPU
		{F4E71674-3974-4001-B08E-F81492EC3600}.Debug|Any CPU.Build.0 = Debug|Any CPU
		{F4E71674-3974-4001-B08E-F81492EC3600}.Release|Any CPU.ActiveCfg = Release|Any CPU
		{F4E71674-3974-4001-B08E-F81492EC3600}.Release|Any CPU.Build.0 = Release|Any CPU
		{B407F1BC-E611-4348-BF4E-AD6B2968CFD9}.Debug|Any CPU.ActiveCfg = Debug|Any CPU
		{B407F1BC-E611-4348-BF4E-AD6B2968CFD9}.Debug|Any CPU.Build.0 = Debug|Any CPU
		{B407F1BC-E611-4348-BF4E-AD6B2968CFD9}.Release|Any CPU.ActiveCfg = Release|Any CPU
		{B407F1BC-E611-4348-BF4E-AD6B2968CFD9}.Release|Any CPU.Build.0 = Release|Any CPU
	EndGlobalSection
	GlobalSection(SolutionProperties) = preSolution
		HideSolutionNode = FALSE
	EndGlobalSection
	GlobalSection(ExtensibilityGlobals) = postSolution
		SolutionGuid = {E254F9EB-C812-419A-B3D9-2F1B65D35518}
	EndGlobalSection
EndGlobal
